
Microsoft Visual Studio Solution File, Format Version 12.00
# Visual Studio Version 17
VisualStudioVersion = 17.14.36518.9 d17.14
MinimumVisualStudioVersion = 10.0.40219.1
Project("{FAE04EC0-301F-11D3-BF4B-00C04F79EFBC}") = "ISO11820WinForms", "ISO11820WinForms.csproj", "{07684D61-7AD3-4562-94F3-7D757DE549E0}"
EndProject
Global
	GlobalSection(SolutionConfigurationPlatforms) = preSolution
		Debug|Any CPU = Debug|Any CPU
		Release|Any CPU = Release|Any CPU
	EndGlobalSection
	GlobalSection(ProjectConfigurationPlatforms) = postSolution
		{07684D61-7AD3-4562-94F3-7D757DE549E0}.Debug|Any CPU.ActiveCfg = Debug|Any CPU
		{07684D61-7AD3-4562-94F3-7D757DE549E0}.Debug|Any CPU.Build.0 = Debug|Any CPU
		{07684D61-7AD3-4562-94F3-7D757DE549E0}.Release|Any CPU.ActiveCfg = Release|Any CPU
		{07684D61-7AD3-4562-94F3-7D757DE549E0}.Release|Any CPU.Build.0 = Release|Any CPU
	EndGlobalSection
	GlobalSection(SolutionProperties) = preSolution
		HideSolutionNode = FALSE
	EndGlobalSection
	GlobalSection(ExtensibilityGlobals) = postSolution
		SolutionGuid = {24FABFA2-4129-41D9-8335-22F96A44977A}
	EndGlobalSection
EndGlobal
